<?xml version="1.0" encoding="utf-8"?>
<Project ToolsVersion="4.0" xmlns="http://schemas.microsoft.com/developer/msbuild/2003">
  <ItemGroup>
    <Filter Include="Quelldateien">
      <UniqueIdentifier>{4FC737F1-C7A5-4376-A066-2A32D752A2FF}</UniqueIdentifier>
      <Extensions>cpp;c;cc;cxx;def;odl;idl;hpj;bat;asm;asmx</Extensions>
    </Filter>
    <Filter Include="Headerdateien">
      <UniqueIdentifier>{93995380-89BD-4b04-88EB-625FBE52EBFB}</UniqueIdentifier>
      <Extensions>h;hpp;hxx;hm;inl;inc;xsd</Extensions>
    </Filter>
    <Filter Include="Ressourcendateien">
      <UniqueIdentifier>{67DA6AB6-F800-4c08-8B7A-83BB121AAD01}</UniqueIdentifier>
      <Extensions>rc;ico;cur;bmp;dlg;rc2;rct;bin;rgs;gif;jpg;jpeg;jpe;resx;tiff;tif;png;wav;mfcribbon-ms</Extensions>
    </Filter>
  </ItemGroup>
  <ItemGroup>
    <ClCompile Include="Source\dllmain.cpp">
      <Filter>Quelldateien</Filter>
    </ClCompile>
    <ClCompile Include="Source\libdash.cpp">
      <Filter>Quelldateien</Filter>
    </ClCompile>
    <ClCompile Include="Source\manager\DASHManager.cpp">
      <Filter>Quelldateien</Filter>
    </ClCompile>
    <ClCompile Include="Source\mpd\MPD.cpp">
      <Filter>Quelldateien</Filter>
    </ClCompile>
    <ClCompile Include="Source\mpd\Period.cpp">
      <Filter>Quelldateien</Filter>
    </ClCompile>
    <ClCompile Include="Source\mpd\Representation.cpp">
      <Filter>Quelldateien</Filter>
    </ClCompile>
    <ClCompile Include="Source\xml\DOMHelper.cpp">
      <Filter>Quelldateien</Filter>
    </ClCompile>
    <ClCompile Include="Source\xml\DOMParser.cpp">
      <Filter>Quelldateien</Filter>
    </ClCompile>
    <ClCompile Include="Source\xml\Node.cpp">
      <Filter>Quelldateien</Filter>
    </ClCompile>
    <ClCompile Include="source\mpd\AdaptationSet.cpp">
      <Filter>Quelldateien</Filter>
    </ClCompile>
    <ClCompile Include="source\mpd\SegmentList.cpp">
      <Filter>Quelldateien</Filter>
    </ClCompile>
    <ClCompile Include="source\mpd\SegmentBase.cpp">
      <Filter>Quelldateien</Filter>
    </ClCompile>
    <ClCompile Include="source\portable\MultiThreading.cpp">
      <Filter>Quelldateien</Filter>
    </ClCompile>
    <ClCompile Include="source\helpers\BlockStream.cpp">
      <Filter>Quelldateien</Filter>
    </ClCompile>
    <ClCompile Include="source\helpers\Path.cpp">
      <Filter>Quelldateien</Filter>
    </ClCompile>
    <ClCompile Include="source\mpd\RepresentationBase.cpp">
      <Filter>Quelldateien</Filter>
    </ClCompile>
    <ClCompile Include="source\mpd\Descriptor.cpp">
      <Filter>Quelldateien</Filter>
    </ClCompile>
    <ClCompile Include="source\mpd\SubRepresentation.cpp">
      <Filter>Quelldateien</Filter>
    </ClCompile>
    <ClCompile Include="source\mpd\URLType.cpp">
      <Filter>Quelldateien</Filter>
    </ClCompile>
    <ClCompile Include="source\mpd\MultipleSegmentBase.cpp">
      <Filter>Quelldateien</Filter>
    </ClCompile>
    <ClCompile Include="source\mpd\SegmentTemplate.cpp">
      <Filter>Quelldateien</Filter>
    </ClCompile>
    <ClCompile Include="source\mpd\BaseUrl.cpp">
      <Filter>Quelldateien</Filter>
    </ClCompile>
    <ClCompile Include="source\mpd\SegmentURL.cpp">
      <Filter>Quelldateien</Filter>
    </ClCompile>
    <ClCompile Include="source\mpd\ContentComponent.cpp">
      <Filter>Quelldateien</Filter>
    </ClCompile>
    <ClCompile Include="source\mpd\Subset.cpp">
      <Filter>Quelldateien</Filter>
    </ClCompile>
    <ClCompile Include="source\mpd\Range.cpp">
      <Filter>Quelldateien</Filter>
    </ClCompile>
    <ClCompile Include="source\mpd\Metrics.cpp">
      <Filter>Quelldateien</Filter>
    </ClCompile>
    <ClCompile Include="source\mpd\ProgramInformation.cpp">
      <Filter>Quelldateien</Filter>
    </ClCompile>
    <ClCompile Include="source\helpers\String.cpp">
      <Filter>Quelldateien</Filter>
    </ClCompile>
    <ClCompile Include="source\network\AbstractChunk.cpp">
      <Filter>Quelldateien</Filter>
    </ClCompile>
    <ClCompile Include="source\helpers\SyncedBlockStream.cpp">
      <Filter>Quelldateien</Filter>
    </ClCompile>
    <ClCompile Include="source\mpd\SegmentTimeline.cpp">
      <Filter>Quelldateien</Filter>
    </ClCompile>
    <ClCompile Include="source\mpd\Segment.cpp">
      <Filter>Quelldateien</Filter>
    </ClCompile>
    <ClCompile Include="source\mpd\AbstractMPDElement.cpp">
      <Filter>Quelldateien</Filter>
    </ClCompile>
    <ClCompile Include="source\mpd\Timeline.cpp">
      <Filter>Quelldateien</Filter>
    </ClCompile>
    <ClCompile Include="source\network\DownloadStateManager.cpp">
      <Filter>Quelldateien</Filter>
    </ClCompile>
    <ClCompile Include="source\metrics\HTTPTransaction.cpp">
      <Filter>Quelldateien</Filter>
    </ClCompile>
    <ClCompile Include="source\metrics\TCPConnection.cpp">
      <Filter>Quelldateien</Filter>
    </ClCompile>
    <ClCompile Include="source\metrics\ThroughputMeasurement.cpp">
      <Filter>Quelldateien</Filter>
    </ClCompile>
    <ClCompile Include="source\helpers\Time.cpp">
      <Filter>Quelldateien</Filter>
    </ClCompile>
  </ItemGroup>
  <ItemGroup>
    <ClInclude Include="Source\targetver.h">
      <Filter>Headerdateien</Filter>
    </ClInclude>
    <ClInclude Include="Source\manager\DASHManager.h">
      <Filter>Headerdateien</Filter>
    </ClInclude>
    <ClInclude Include="Source\mpd\BaseUrl.h">
      <Filter>Headerdateien</Filter>
    </ClInclude>
    <ClInclude Include="Source\mpd\MPD.h">
      <Filter>Headerdateien</Filter>
    </ClInclude>
    <ClInclude Include="Source\mpd\Period.h">
      <Filter>Headerdateien</Filter>
    </ClInclude>
    <ClInclude Include="Source\mpd\Representation.h">
      <Filter>Headerdateien</Filter>
    </ClInclude>
    <ClInclude Include="Source\xml\Node.h">
      <Filter>Headerdateien</Filter>
    </ClInclude>
    <ClInclude Include="Source\xml\DOMHelper.h">
      <Filter>Headerdateien</Filter>
    </ClInclude>
    <ClInclude Include="Source\xml\DOMParser.h">
      <Filter>Headerdateien</Filter>
    </ClInclude>
    <ClInclude Include="include\IDASHManager.h">
      <Filter>Headerdateien</Filter>
    </ClInclude>
    <ClInclude Include="include\libdash.h">
      <Filter>Headerdateien</Filter>
    </ClInclude>
    <ClInclude Include="source\mpd\AdaptationSet.h">
      <Filter>Headerdateien</Filter>
    </ClInclude>
    <ClInclude Include="source\mpd\SegmentList.h">
      <Filter>Headerdateien</Filter>
    </ClInclude>
    <ClInclude Include="source\mpd\SegmentBase.h">
      <Filter>Headerdateien</Filter>
    </ClInclude>
    <ClInclude Include="source\helpers\Block.h">
      <Filter>Headerdateien</Filter>
    </ClInclude>
    <ClInclude Include="source\helpers\BlockStream.h">
      <Filter>Headerdateien</Filter>
    </ClInclude>
    <ClInclude Include="source\helpers\Path.h">
      <Filter>Headerdateien</Filter>
    </ClInclude>
    <ClInclude Include="include\IConnection.h">
      <Filter>Headerdateien</Filter>
    </ClInclude>
    <ClInclude Include="include\IChunk.h">
      <Filter>Headerdateien</Filter>
    </ClInclude>
    <ClInclude Include="include\IDownloadObserver.h">
      <Filter>Headerdateien</Filter>
    </ClInclude>
    <ClInclude Include="include\ISegment.h">
      <Filter>Headerdateien</Filter>
    </ClInclude>
    <ClInclude Include="include\IRepresentation.h">
      <Filter>Headerdateien</Filter>
    </ClInclude>
    <ClInclude Include="source\mpd\RepresentationBase.h">
      <Filter>Headerdateien</Filter>
    </ClInclude>
    <ClInclude Include="source\mpd\Descriptor.h">
      <Filter>Headerdateien</Filter>
    </ClInclude>
    <ClInclude Include="source\mpd\SubRepresentation.h">
      <Filter>Headerdateien</Filter>
    </ClInclude>
    <ClInclude Include="source\mpd\URLType.h">
      <Filter>Headerdateien</Filter>
    </ClInclude>
    <ClInclude Include="source\mpd\MultipleSegmentBase.h">
      <Filter>Headerdateien</Filter>
    </ClInclude>
    <ClInclude Include="source\mpd\SegmentTemplate.h">
      <Filter>Headerdateien</Filter>
    </ClInclude>
    <ClInclude Include="source\mpd\SegmentURL.h">
      <Filter>Headerdateien</Filter>
    </ClInclude>
    <ClInclude Include="source\mpd\ContentComponent.h">
      <Filter>Headerdateien</Filter>
    </ClInclude>
    <ClInclude Include="include\IDownloadableChunk.h">
      <Filter>Headerdateien</Filter>
    </ClInclude>
    <ClInclude Include="source\network\AbstractChunk.h">
      <Filter>Headerdateien</Filter>
    </ClInclude>
    <ClInclude Include="source\helpers\SyncedBlockStream.h">
      <Filter>Headerdateien</Filter>
    </ClInclude>
    <ClInclude Include="source\mpd\Subset.h">
      <Filter>Headerdateien</Filter>
    </ClInclude>
    <ClInclude Include="source\mpd\Range.h">
      <Filter>Headerdateien</Filter>
    </ClInclude>
    <ClInclude Include="source\mpd\Metrics.h">
      <Filter>Headerdateien</Filter>
    </ClInclude>
    <ClInclude Include="source\mpd\ProgramInformation.h">
      <Filter>Headerdateien</Filter>
    </ClInclude>
    <ClInclude Include="source\helpers\String.h">
      <Filter>Headerdateien</Filter>
    </ClInclude>
    <ClInclude Include="include\IMPD.h">
      <Filter>Headerdateien</Filter>
    </ClInclude>
    <ClInclude Include="include\IURLType.h">
      <Filter>Headerdateien</Filter>
    </ClInclude>
    <ClInclude Include="include\ISubset.h">
      <Filter>Headerdateien</Filter>
    </ClInclude>
    <ClInclude Include="include\IDescriptor.h">
      <Filter>Headerdateien</Filter>
    </ClInclude>
    <ClInclude Include="include\IBaseUrl.h">
      <Filter>Headerdateien</Filter>
    </ClInclude>
    <ClInclude Include="include\IContentComponent.h">
      <Filter>Headerdateien</Filter>
    </ClInclude>
    <ClInclude Include="include\IRange.h">
      <Filter>Headerdateien</Filter>
    </ClInclude>
    <ClInclude Include="include\IMetrics.h">
      <Filter>Headerdateien</Filter>
    </ClInclude>
    <ClInclude Include="include\IProgramInformation.h">
      <Filter>Headerdateien</Filter>
    </ClInclude>
    <ClInclude Include="include\ISegmentTimeline.h">
      <Filter>Headerdateien</Filter>
    </ClInclude>
    <ClInclude Include="source\mpd\SegmentTimeline.h">
      <Filter>Headerdateien</Filter>
    </ClInclude>
    <ClInclude Include="include\IMultipleSegmentBase.h">
      <Filter>Headerdateien</Filter>
    </ClInclude>
    <ClInclude Include="include\ISegmentBase.h">
      <Filter>Headerdateien</Filter>
    </ClInclude>
    <ClInclude Include="include\ISegmentURL.h">
      <Filter>Headerdateien</Filter>
    </ClInclude>
    <ClInclude Include="include\IRepresentationBase.h">
      <Filter>Headerdateien</Filter>
    </ClInclude>
    <ClInclude Include="include\ISubRepresentation.h">
      <Filter>Headerdateien</Filter>
    </ClInclude>
    <ClInclude Include="include\ISegmentTemplate.h">
      <Filter>Headerdateien</Filter>
    </ClInclude>
    <ClInclude Include="include\ISegmentList.h">
      <Filter>Headerdateien</Filter>
    </ClInclude>
    <ClInclude Include="include\IAdaptationSet.h">
      <Filter>Headerdateien</Filter>
    </ClInclude>
    <ClInclude Include="include\IPeriod.h">
      <Filter>Headerdateien</Filter>
    </ClInclude>
    <ClInclude Include="source\portable\MultiThreading.h">
      <Filter>Headerdateien</Filter>
    </ClInclude>
    <ClInclude Include="source\mpd\Segment.h">
      <Filter>Headerdateien</Filter>
    </ClInclude>
    <ClInclude Include="include\INode.h">
      <Filter>Headerdateien</Filter>
    </ClInclude>
    <ClInclude Include="source\mpd\AbstractMPDElement.h">
      <Filter>Headerdateien</Filter>
    </ClInclude>
    <ClInclude Include="include\IMPDElement.h">
      <Filter>Headerdateien</Filter>
    </ClInclude>
    <ClInclude Include="source\mpd\Timeline.h">
      <Filter>Headerdateien</Filter>
    </ClInclude>
    <ClInclude Include="include\ITimeline.h">
      <Filter>Headerdateien</Filter>
    </ClInclude>
    <ClInclude Include="source\portable\Networking.h">
      <Filter>Headerdateien</Filter>
    </ClInclude>
    <ClInclude Include="source\network\DownloadStateManager.h">
      <Filter>Headerdateien</Filter>
    </ClInclude>
    <ClInclude Include="include\config.h">
      <Filter>Headerdateien</Filter>
    </ClInclude>
    <ClInclude Include="source\metrics\HTTPTransaction.h">
      <Filter>Headerdateien</Filter>
    </ClInclude>
    <ClInclude Include="include\IHTTPTransaction.h">
      <Filter>Headerdateien</Filter>
    </ClInclude>
    <ClInclude Include="source\metrics\TCPConnection.h">
      <Filter>Headerdateien</Filter>
    </ClInclude>
    <ClInclude Include="include\ITCPConnection.h">
      <Filter>Headerdateien</Filter>
    </ClInclude>
    <ClInclude Include="source\metrics\ThroughputMeasurement.h">
      <Filter>Headerdateien</Filter>
    </ClInclude>
    <ClInclude Include="include\IThroughputMeasurement.h">
      <Filter>Headerdateien</Filter>
    </ClInclude>
    <ClInclude Include="source\helpers\Time.h">
      <Filter>Headerdateien</Filter>
    </ClInclude>
    <ClInclude Include="include\IDASHMetrics.h">
      <Filter>Headerdateien</Filter>
    </ClInclude>
  </ItemGroup>
  <ItemGroup>
    <None Include="authors.txt" />
    <None Include="license.txt" />
  </ItemGroup>
</Project>